
Microsoft Visual Studio Solution File, Format Version 12.00
# Visual Studio Version 16
VisualStudioVersion = 16.0.30114.105
MinimumVisualStudioVersion = 10.0.40219.1
Project("{FAE04EC0-301F-11D3-BF4B-00C04F79EFBC}") = "Fundamentos de Colecoes e LINQ", "Fundamentos de Colecoes e LINQ.csproj", "{BE9FB0C6-95AE-4833-B297-9B06127B1509}"
EndProject
Global
	GlobalSection(SolutionConfigurationPlatforms) = preSolution
		Debug|Any CPU = Debug|Any CPU
		Release|Any CPU = Release|Any CPU
	EndGlobalSection
	GlobalSection(SolutionProperties) = preSolution
		HideSolutionNode = FALSE
	EndGlobalSection
	GlobalSection(ProjectConfigurationPlatforms) = postSolution
		{BE9FB0C6-95AE-4833-B297-9B06127B1509}.Debug|Any CPU.ActiveCfg = Debug|Any CPU
		{BE9FB0C6-95AE-4833-B297-9B06127B1509}.Debug|Any CPU.Build.0 = Debug|Any CPU
		{BE9FB0C6-95AE-4833-B297-9B06127B1509}.Release|Any CPU.ActiveCfg = Release|Any CPU
		{BE9FB0C6-95AE-4833-B297-9B06127B1509}.Release|Any CPU.Build.0 = Release|Any CPU
	EndGlobalSection
EndGlobal
